PODS:
  - "!ProtoCompiler (3.8.0)":
    - Protobuf (~> 3.0)
  - Flutter (1.0.0)
  - flutter_blue (0.0.1):
    - "!ProtoCompiler"
    - Flutter
    - flutter_blue/Protos (= 0.0.1)
  - flutter_blue/Protos (0.0.1):
    - "!ProtoCompiler"
    - Flutter
    - Protobuf
  - FMDB (2.7.5):
    - FMDB/standard (= 2.7.5)
  - FMDB/standard (2.7.5)
  - location (0.0.1):
    - Flutter
  - Protobuf (3.9.2)
  - shared_preferences (0.0.1):
    - Flutter
  - sqflite (0.0.1):
    - Flutter
    - FMDB (~> 2.7.2)
  - url_launcher (0.0.1):
    - Flutter

DEPENDENCIES:
  - Flutter (from `.symlinks/flutter/ios`)
  - flutter_blue (from `.symlinks/plugins/flutter_blue/ios`)
  - location (from `.symlinks/plugins/location/ios`)
  - shared_preferences (from `.symlinks/plugins/shared_preferences/ios`)
  - sqflite (from `.symlinks/plugins/sqflite/ios`)
  - url_launcher (from `.symlinks/plugins/url_launcher/ios`)

SPEC REPOS:
  trunk:
    - "!ProtoCompiler"
    - FMDB
    - Protobuf

EXTERNAL SOURCES:
  Flutter:
    :path: ".symlinks/flutter/ios"
  flutter_blue:
    :path: ".symlinks/plugins/flutter_blue/ios"
  location:
    :path: ".symlinks/plugins/location/ios"
  shared_preferences:
    :path: ".symlinks/plugins/shared_preferences/ios"
  sqflite:
    :path: ".symlinks/plugins/sqflite/ios"
  url_launcher:
    :path: ".symlinks/plugins/url_launcher/ios"

SPEC CHECKSUMS:
  "!ProtoCompiler": 7fc49078ec544d0347264496f6cd09b8132536b5
  Flutter: 0e3d915762c693b495b44d77113d4970485de6ec
  flutter_blue: 345ae715fc17456975188f8e0cf48f25b55aa506
  FMDB: 2ce00b547f966261cd18927a3ddb07cb6f3db82a
  location: 3a2eed4dd2fab25e7b7baf2a9efefe82b512d740
  Protobuf: 67fb42ba613def994e61854de2b3164f13790cc4
  shared_preferences: 1feebfa37bb57264736e16865e7ffae7fc99b523
  sqflite: ff1d9da63c06588cc8d1faf7256d741f16989d5a
  url_launcher: 0067ddb8f10d36786672aa0722a21717dba3a298

PODFILE CHECKSUM: aff02bfeed411c636180d6812254b2daeea14d09

COCOAPODS: 1.8.0
